
Microsoft Visual Studio Solution File, Format Version 12.00
# Visual Studio 15
VisualStudioVersion = 15.0.27703.2047
MinimumVisualStudioVersion = 10.0.40219.1
Project("{FAE04EC0-301F-11D3-BF4B-00C04F79EFBC}") = "DroneFormToTCOMS", "DroneFormToTCOMS\DroneFormToTCOMS.csproj", "{FFA73435-55B6-461D-89DF-545B95CC7B16}"
EndProject
Project("{E53339B2-1760-4266-BCC7-CA923CBCF16C}") = "docker-compose", "docker-compose.dcproj", "{E3A5BFA4-3422-4886-A94B-60EFE29DDA78}"
EndProject
Global
	GlobalSection(SolutionConfigurationPlatforms) = preSolution
		Debug|Any CPU = Debug|Any CPU
		Release|Any CPU = Release|Any CPU
	EndGlobalSection
	GlobalSection(ProjectConfigurationPlatforms) = postSolution
		{FFA73435-55B6-461D-89DF-545B95CC7B16}.Debug|Any CPU.ActiveCfg = Debug|Any CPU
		{FFA73435-55B6-461D-89DF-545B95CC7B16}.Debug|Any CPU.Build.0 = Debug|Any CPU
		{FFA73435-55B6-461D-89DF-545B95CC7B16}.Release|Any CPU.ActiveCfg = Release|Any CPU
		{FFA73435-55B6-461D-89DF-545B95CC7B16}.Release|Any CPU.Build.0 = Release|Any CPU
		{E3A5BFA4-3422-4886-A94B-60EFE29DDA78}.Debug|Any CPU.ActiveCfg = Debug|Any CPU
		{E3A5BFA4-3422-4886-A94B-60EFE29DDA78}.Debug|Any CPU.Build.0 = Debug|Any CPU
		{E3A5BFA4-3422-4886-A94B-60EFE29DDA78}.Release|Any CPU.ActiveCfg = Release|Any CPU
		{E3A5BFA4-3422-4886-A94B-60EFE29DDA78}.Release|Any CPU.Build.0 = Release|Any CPU
	EndGlobalSection
	GlobalSection(SolutionProperties) = preSolution
		HideSolutionNode = FALSE
	EndGlobalSection
	GlobalSection(ExtensibilityGlobals) = postSolution
		SolutionGuid = {06BC3432-C95F-4817-B897-CA6FA6E88B0D}
	EndGlobalSection
EndGlobal
